
Microsoft Visual Studio Solution File, Format Version 12.00
# Visual Studio Version 17
VisualStudioVersion = 17.0.31903.59
MinimumVisualStudioVersion = 10.0.40219.1
Project("{FAE04EC0-301F-11D3-BF4B-00C04F79EFBC}") = "Employees.API", "Employees.API\Employees.API.csproj", "{28C90DE8-15E7-4D5A-8CEA-1E925547BBAE}"
EndProject
Project("{2150E333-8FDC-42A3-9474-1A3956D46DE8}") = "Employee.API", "Employee.API", "{9141CED0-DBDC-4E23-8BF8-11DBA04A83DF}"
EndProject
Project("{2150E333-8FDC-42A3-9474-1A3956D46DE8}") = "Application", "Application", "{096F2329-ABD3-475C-8CD9-568D977F2E5C}"
EndProject
Project("{FAE04EC0-301F-11D3-BF4B-00C04F79EFBC}") = "Application", "Application\Application.csproj", "{268E1A89-6072-4046-A84D-412D3D84B1A5}"
EndProject
Project("{2150E333-8FDC-42A3-9474-1A3956D46DE8}") = "Domain", "Domain", "{33DDB157-0494-4D1E-8E9C-4DF4C96926BD}"
EndProject
Project("{FAE04EC0-301F-11D3-BF4B-00C04F79EFBC}") = "Domain", "Domain\Domain.csproj", "{54F1E886-1DA5-4852-9604-E569B7CC1EBE}"
EndProject
Project("{2150E333-8FDC-42A3-9474-1A3956D46DE8}") = "Persistence", "Persistence", "{7847667E-00DD-4F02-BD9C-676001BE97E5}"
EndProject
Project("{FAE04EC0-301F-11D3-BF4B-00C04F79EFBC}") = "Persistence", "Persistence\Persistence.csproj", "{9C393BF1-8D7D-4347-AFF7-1DC9E79A8B88}"
EndProject
Global
	GlobalSection(SolutionConfigurationPlatforms) = preSolution
		Debug|Any CPU = Debug|Any CPU
		Release|Any CPU = Release|Any CPU
	EndGlobalSection
	GlobalSection(ProjectConfigurationPlatforms) = postSolution
		{28C90DE8-15E7-4D5A-8CEA-1E925547BBAE}.Debug|Any CPU.ActiveCfg = Debug|Any CPU
		{28C90DE8-15E7-4D5A-8CEA-1E925547BBAE}.Debug|Any CPU.Build.0 = Debug|Any CPU
		{28C90DE8-15E7-4D5A-8CEA-1E925547BBAE}.Release|Any CPU.ActiveCfg = Release|Any CPU
		{28C90DE8-15E7-4D5A-8CEA-1E925547BBAE}.Release|Any CPU.Build.0 = Release|Any CPU
		{268E1A89-6072-4046-A84D-412D3D84B1A5}.Debug|Any CPU.ActiveCfg = Debug|Any CPU
		{268E1A89-6072-4046-A84D-412D3D84B1A5}.Debug|Any CPU.Build.0 = Debug|Any CPU
		{268E1A89-6072-4046-A84D-412D3D84B1A5}.Release|Any CPU.ActiveCfg = Release|Any CPU
		{268E1A89-6072-4046-A84D-412D3D84B1A5}.Release|Any CPU.Build.0 = Release|Any CPU
		{54F1E886-1DA5-4852-9604-E569B7CC1EBE}.Debug|Any CPU.ActiveCfg = Debug|Any CPU
		{54F1E886-1DA5-4852-9604-E569B7CC1EBE}.Debug|Any CPU.Build.0 = Debug|Any CPU
		{54F1E886-1DA5-4852-9604-E569B7CC1EBE}.Release|Any CPU.ActiveCfg = Release|Any CPU
		{54F1E886-1DA5-4852-9604-E569B7CC1EBE}.Release|Any CPU.Build.0 = Release|Any CPU
		{9C393BF1-8D7D-4347-AFF7-1DC9E79A8B88}.Debug|Any CPU.ActiveCfg = Debug|Any CPU
		{9C393BF1-8D7D-4347-AFF7-1DC9E79A8B88}.Debug|Any CPU.Build.0 = Debug|Any CPU
		{9C393BF1-8D7D-4347-AFF7-1DC9E79A8B88}.Release|Any CPU.ActiveCfg = Release|Any CPU
		{9C393BF1-8D7D-4347-AFF7-1DC9E79A8B88}.Release|Any CPU.Build.0 = Release|Any CPU
	EndGlobalSection
	GlobalSection(SolutionProperties) = preSolution
		HideSolutionNode = FALSE
	EndGlobalSection
	GlobalSection(NestedProjects) = preSolution
		{28C90DE8-15E7-4D5A-8CEA-1E925547BBAE} = {9141CED0-DBDC-4E23-8BF8-11DBA04A83DF}
		{268E1A89-6072-4046-A84D-412D3D84B1A5} = {096F2329-ABD3-475C-8CD9-568D977F2E5C}
		{54F1E886-1DA5-4852-9604-E569B7CC1EBE} = {33DDB157-0494-4D1E-8E9C-4DF4C96926BD}
		{9C393BF1-8D7D-4347-AFF7-1DC9E79A8B88} = {7847667E-00DD-4F02-BD9C-676001BE97E5}
	EndGlobalSection
	GlobalSection(ExtensibilityGlobals) = postSolution
		SolutionGuid = {F836D7E4-D5CC-4352-895A-5AFEADBFC190}
	EndGlobalSection
EndGlobal
